// !$*UTF8*$!
{
	archiveVersion = 1;
	classes = {
	};
	objectVersion = 50;
	objects = {

/* Begin PBXBuildFile section */
		78D918D3207A5424006A4DC5 /* MethodTraceConfig.plist in Resources */ = {isa = PBXBuildFile; fileRef = 78D918D2207A5424006A4DC5 /* MethodTraceConfig.plist */; };
		78D918DD207A5424006A4DC5 /* libCloud_HomeDylib.dylib in CopyFiles */ = {isa = PBXBuildFile; fileRef = 78D918DC207A5424006A4DC5 /* libCloud_HomeDylib.dylib */; settings = {ATTRIBUTES = (CodeSignOnCopy, ); }; };
		78D918E2207A5424006A4DC5 /* JavaScriptCore.framework in Frameworks */ = {isa = PBXBuildFile; fileRef = 78D918E1207A5424006A4DC5 /* JavaScriptCore.framework */; };
		78D918E4207A5424006A4DC5 /* Foundation.framework in Frameworks */ = {isa = PBXBuildFile; fileRef = 78D918E3207A5424006A4DC5 /* Foundation.framework */; };
		78D918E6207A5424006A4DC5 /* UIKit.framework in Frameworks */ = {isa = PBXBuildFile; fileRef = 78D918E5207A5424006A4DC5 /* UIKit.framework */; };
		78D918EB207A5424006A4DC5 /* Cloud_HomeDylib.mm in Sources */ = {isa = PBXBuildFile; fileRef = 78D918EA207A5424006A4DC5 /* Cloud_HomeDylib.mm */; };
		78D918EE207A5424006A4DC5 /* LLDBTools.h in Headers */ = {isa = PBXBuildFile; fileRef = 78D918ED207A5424006A4DC5 /* LLDBTools.h */; };
		78D918F0207A5424006A4DC5 /* LLDBTools.mm in Sources */ = {isa = PBXBuildFile; fileRef = 78D918EF207A5424006A4DC5 /* LLDBTools.mm */; };
		78D918F3207A5424006A4DC5 /* ANYMethodLog.h in Headers */ = {isa = PBXBuildFile; fileRef = 78D918F2207A5424006A4DC5 /* ANYMethodLog.h */; };
		78D918F5207A5424006A4DC5 /* ANYMethodLog.m in Sources */ = {isa = PBXBuildFile; fileRef = 78D918F4207A5424006A4DC5 /* ANYMethodLog.m */; };
		78D918F7207A5424006A4DC5 /* MethodTrace.h in Headers */ = {isa = PBXBuildFile; fileRef = 78D918F6207A5424006A4DC5 /* MethodTrace.h */; };
		78D918F9207A5424006A4DC5 /* MethodTrace.m in Sources */ = {isa = PBXBuildFile; fileRef = 78D918F8207A5424006A4DC5 /* MethodTrace.m */; };
		78D918FE207A5424006A4DC5 /* AntiAntiDebug.m in Sources */ = {isa = PBXBuildFile; fileRef = 78D918FD207A5424006A4DC5 /* AntiAntiDebug.m */; };
		78D91901207A5424006A4DC5 /* fishhook.c in Sources */ = {isa = PBXBuildFile; fileRef = 78D91900207A5424006A4DC5 /* fishhook.c */; };
		78D91903207A5424006A4DC5 /* fishhook.h in Headers */ = {isa = PBXBuildFile; fileRef = 78D91902207A5424006A4DC5 /* fishhook.h */; };
		78D91905207A5424006A4DC5 /* Cloud_HomeDylib.h in Headers */ = {isa = PBXBuildFile; fileRef = 78D91904207A5424006A4DC5 /* Cloud_HomeDylib.h */; };
		78D91907207A5424006A4DC5 /* Cloud_HomeDylib.m in Sources */ = {isa = PBXBuildFile; fileRef = 78D91906207A5424006A4DC5 /* Cloud_HomeDylib.m */; };
		78D9194F207A5844006A4DC5 /* Header.h in Headers */ = {isa = PBXBuildFile; fileRef = 78D91910207A5843006A4DC5 /* Header.h */; };
		78D91950207A5844006A4DC5 /* DTWIFIHook.h in Headers */ = {isa = PBXBuildFile; fileRef = 78D91913207A5844006A4DC5 /* DTWIFIHook.h */; };
		78D91951207A5844006A4DC5 /* DTWifiSettingViewController.m in Sources */ = {isa = PBXBuildFile; fileRef = 78D91915207A5844006A4DC5 /* DTWifiSettingViewController.m */; };
		78D91952207A5844006A4DC5 /* DTWifiSettingViewController.h in Headers */ = {isa = PBXBuildFile; fileRef = 78D91916207A5844006A4DC5 /* DTWifiSettingViewController.h */; };
		78D91953207A5844006A4DC5 /* DTWifiSettingSession.h in Headers */ = {isa = PBXBuildFile; fileRef = 78D91918207A5844006A4DC5 /* DTWifiSettingSession.h */; };
		78D91954207A5844006A4DC5 /* DTWifiModel.m in Sources */ = {isa = PBXBuildFile; fileRef = 78D91919207A5844006A4DC5 /* DTWifiModel.m */; };
		78D91955207A5844006A4DC5 /* DTWifiSettingSession.m in Sources */ = {isa = PBXBuildFile; fileRef = 78D9191A207A5844006A4DC5 /* DTWifiSettingSession.m */; };
		78D91956207A5844006A4DC5 /* DTWifiModel.h in Headers */ = {isa = PBXBuildFile; fileRef = 78D9191B207A5844006A4DC5 /* DTWifiModel.h */; };
		78D91957207A5844006A4DC5 /* DTWIFIHook.m in Sources */ = {isa = PBXBuildFile; fileRef = 78D9191C207A5844006A4DC5 /* DTWIFIHook.m */; };
		78D91958207A5844006A4DC5 /* DTGPSSettingViewController.m in Sources */ = {isa = PBXBuildFile; fileRef = 78D9191F207A5844006A4DC5 /* DTGPSSettingViewController.m */; };
		78D91959207A5844006A4DC5 /* DTGPSSettingViewController.h in Headers */ = {isa = PBXBuildFile; fileRef = 78D91920207A5844006A4DC5 /* DTGPSSettingViewController.h */; };
		78D9195A207A5844006A4DC5 /* DTCameraHook.m in Sources */ = {isa = PBXBuildFile; fileRef = 78D91922207A5844006A4DC5 /* DTCameraHook.m */; };
		78D9195B207A5844006A4DC5 /* DTCameraSettingViewController.m in Sources */ = {isa = PBXBuildFile; fileRef = 78D91924207A5844006A4DC5 /* DTCameraSettingViewController.m */; };
		78D9195C207A5844006A4DC5 /* DTCameraSettingViewController.h in Headers */ = {isa = PBXBuildFile; fileRef = 78D91925207A5844006A4DC5 /* DTCameraSettingViewController.h */; };
		78D9195D207A5844006A4DC5 /* DTCameraHook.h in Headers */ = {isa = PBXBuildFile; fileRef = 78D91926207A5844006A4DC5 /* DTCameraHook.h */; };
		78D9195E207A5844006A4DC5 /* DTGPSButton.m in Sources */ = {isa = PBXBuildFile; fileRef = 78D91929207A5844006A4DC5 /* DTGPSButton.m */; };
		78D9195F207A5844006A4DC5 /* DTGPSButton.h in Headers */ = {isa = PBXBuildFile; fileRef = 78D9192A207A5844006A4DC5 /* DTGPSButton.h */; };
		78D91960207A5844006A4DC5 /* DTWifiHeaderView.h in Headers */ = {isa = PBXBuildFile; fileRef = 78D9192C207A5844006A4DC5 /* DTWifiHeaderView.h */; };
		78D91961207A5844006A4DC5 /* DTWifiHeaderView.m in Sources */ = {isa = PBXBuildFile; fileRef = 78D9192D207A5844006A4DC5 /* DTWifiHeaderView.m */; };
		78D91962207A5844006A4DC5 /* UIImage+JFUtil.m in Sources */ = {isa = PBXBuildFile; fileRef = 78D9192F207A5844006A4DC5 /* UIImage+JFUtil.m */; };
		78D91963207A5844006A4DC5 /* JF_Helper.h in Headers */ = {isa = PBXBuildFile; fileRef = 78D91930207A5844006A4DC5 /* JF_Helper.h */; };
		78D91964207A5844006A4DC5 /* ALAsset+JFUtil.h in Headers */ = {isa = PBXBuildFile; fileRef = 78D91931207A5844006A4DC5 /* ALAsset+JFUtil.h */; };
		78D91965207A5844006A4DC5 /* QBImagePickerController.h in Headers */ = {isa = PBXBuildFile; fileRef = 78D91934207A5844006A4DC5 /* QBImagePickerController.h */; };
		78D91966207A5844006A4DC5 /* QBImagePickerGroupCell.m in Sources */ = {isa = PBXBuildFile; fileRef = 78D91935207A5844006A4DC5 /* QBImagePickerGroupCell.m */; };
		78D91967207A5844006A4DC5 /* QBImagePickerThumbnailView.h in Headers */ = {isa = PBXBuildFile; fileRef = 78D91936207A5844006A4DC5 /* QBImagePickerThumbnailView.h */; };
		78D91968207A5844006A4DC5 /* QBAssetsCollectionCheckmarkView.h in Headers */ = {isa = PBXBuildFile; fileRef = 78D91937207A5844006A4DC5 /* QBAssetsCollectionCheckmarkView.h */; };
		78D91969207A5844006A4DC5 /* QBAssetsCollectionViewCell.m in Sources */ = {isa = PBXBuildFile; fileRef = 78D91938207A5844006A4DC5 /* QBAssetsCollectionViewCell.m */; };
		78D9196A207A5844006A4DC5 /* QBAssetsCollectionOverlayView.h in Headers */ = {isa = PBXBuildFile; fileRef = 78D91939207A5844006A4DC5 /* QBAssetsCollectionOverlayView.h */; };
		78D9196B207A5844006A4DC5 /* QBAssetsCollectionFooterView.m in Sources */ = {isa = PBXBuildFile; fileRef = 78D9193A207A5844006A4DC5 /* QBAssetsCollectionFooterView.m */; };
		78D9196C207A5844006A4DC5 /* QBAssetsCollectionViewLayout.h in Headers */ = {isa = PBXBuildFile; fileRef = 78D9193B207A5844006A4DC5 /* QBAssetsCollectionViewLayout.h */; };
		78D9196D207A5844006A4DC5 /* QBAssetsCollectionViewController.m in Sources */ = {isa = PBXBuildFile; fileRef = 78D9193C207A5844006A4DC5 /* QBAssetsCollectionViewController.m */; };
		78D9196E207A5844006A4DC5 /* QBAssetsCollectionVideoIndicatorView.m in Sources */ = {isa = PBXBuildFile; fileRef = 78D9193D207A5844006A4DC5 /* QBAssetsCollectionVideoIndicatorView.m */; };
		78D9196F207A5844006A4DC5 /* QBImagePickerGroupCell.h in Headers */ = {isa = PBXBuildFile; fileRef = 78D9193E207A5844006A4DC5 /* QBImagePickerGroupCell.h */; };
		78D91970207A5844006A4DC5 /* QBImagePickerController.m in Sources */ = {isa = PBXBuildFile; fileRef = 78D9193F207A5844006A4DC5 /* QBImagePickerController.m */; };
		78D91971207A5844006A4DC5 /* QBAssetsCollectionViewCell.h in Headers */ = {isa = PBXBuildFile; fileRef = 78D91940207A5844006A4DC5 /* QBAssetsCollectionViewCell.h */; };
		78D91972207A5844006A4DC5 /* QBAssetsCollectionCheckmarkView.m in Sources */ = {isa = PBXBuildFile; fileRef = 78D91941207A5844006A4DC5 /* QBAssetsCollectionCheckmarkView.m */; };
		78D91973207A5844006A4DC5 /* QBImagePickerThumbnailView.m in Sources */ = {isa = PBXBuildFile; fileRef = 78D91942207A5844006A4DC5 /* QBImagePickerThumbnailView.m */; };
		78D91974207A5845006A4DC5 /* QBAssetsCollectionFooterView.h in Headers */ = {isa = PBXBuildFile; fileRef = 78D91943207A5844006A4DC5 /* QBAssetsCollectionFooterView.h */; };
		78D91975207A5845006A4DC5 /* QBAssetsCollectionOverlayView.m in Sources */ = {isa = PBXBuildFile; fileRef = 78D91944207A5844006A4DC5 /* QBAssetsCollectionOverlayView.m */; };
		78D91976207A5845006A4DC5 /* QBAssetsCollectionVideoIndicatorView.h in Headers */ = {isa = PBXBuildFile; fileRef = 78D91945207A5844006A4DC5 /* QBAssetsCollectionVideoIndicatorView.h */; };
		78D91977207A5845006A4DC5 /* QBAssetsCollectionViewLayout.m in Sources */ = {isa = PBXBuildFile; fileRef = 78D91946207A5844006A4DC5 /* QBAssetsCollectionViewLayout.m */; };
		78D91978207A5845006A4DC5 /* QBAssetsCollectionViewController.h in Headers */ = {isa = PBXBuildFile; fileRef = 78D91947207A5844006A4DC5 /* QBAssetsCollectionViewController.h */; };
		78D91979207A5845006A4DC5 /* UIImage+JFUtil.h in Headers */ = {isa = PBXBuildFile; fileRef = 78D9194C207A5844006A4DC5 /* UIImage+JFUtil.h */; };
		78D9197A207A5845006A4DC5 /* JF_Helper.m in Sources */ = {isa = PBXBuildFile; fileRef = 78D9194D207A5844006A4DC5 /* JF_Helper.m */; };
		78D9197B207A5845006A4DC5 /* ALAsset+JFUtil.m in Sources */ = {isa = PBXBuildFile; fileRef = 78D9194E207A5844006A4DC5 /* ALAsset+JFUtil.m */; };
/* End PBXBuildFile section */

/* Begin PBXContainerItemProxy section */
		78D918DE207A5424006A4DC5 /* PBXContainerItemProxy */ = {
			isa = PBXContainerItemProxy;
			containerPortal = 78D918BF207A5424006A4DC5 /* Project object */;
			proxyType = 1;
			remoteGlobalIDString = 78D918DB207A5424006A4DC5;
			remoteInfo = Cloud_HomeDylib;
		};
/* End PBXContainerItemProxy section */

/* Begin PBXCopyFilesBuildPhase section */
		78D918C7207A5424006A4DC5 /* CopyFiles */ = {
			isa = PBXCopyFilesBuildPhase;
			buildActionMask = 2147483647;
			dstPath = "";
			dstSubfolderSpec = 10;
			files = (
				78D918DD207A5424006A4DC5 /* libCloud_HomeDylib.dylib in CopyFiles */,
			);
			runOnlyForDeploymentPostprocessing = 0;
		};
/* End PBXCopyFilesBuildPhase section */

/* Begin PBXFileReference section */
		78D918CA207A5424006A4DC5 /* Cloud_Home.app */ = {isa = PBXFileReference; explicitFileType = wrapper.application; includeInIndex = 0; path = Cloud_Home.app; sourceTree = BUILT_PRODUCTS_DIR; };
		78D918CD207A5424006A4DC5 /* icon.png */ = {isa = PBXFileReference; lastKnownFileType = image.png; path = icon.png; sourceTree = "<group>"; };
		78D918CE207A5424006A4DC5 /* Target.plist */ = {isa = PBXFileReference; lastKnownFileType = text.plist.xml; path = Target.plist; sourceTree = "<group>"; };
		78D918D0207A5424006A4DC5 /* quick-resign.sh */ = {isa = PBXFileReference; lastKnownFileType = text.script.sh; name = "quick-resign.sh"; path = "Scripts/quick-resign.sh"; sourceTree = "<group>"; };
		78D918D2207A5424006A4DC5 /* MethodTraceConfig.plist */ = {isa = PBXFileReference; lastKnownFileType = text.plist.xml; name = MethodTraceConfig.plist; path = Config/MethodTraceConfig.plist; sourceTree = "<group>"; };
		78D918D5207A5424006A4DC5 /* put ipa or app here */ = {isa = PBXFileReference; lastKnownFileType = text; name = "put ipa or app here"; path = "TargetApp/put ipa or app here"; sourceTree = "<group>"; };
		78D918D6207A5424006A4DC5 /* Info.plist */ = {isa = PBXFileReference; lastKnownFileType = text.plist.xml; path = Info.plist; sourceTree = "<group>"; };
		78D918DC207A5424006A4DC5 /* libCloud_HomeDylib.dylib */ = {isa = PBXFileReference; explicitFileType = "compiled.mach-o.dylib"; includeInIndex = 0; path = libCloud_HomeDylib.dylib; sourceTree = BUILT_PRODUCTS_DIR; };
		78D918E1207A5424006A4DC5 /* JavaScriptCore.framework */ = {isa = PBXFileReference; lastKnownFileType = wrapper.framework; name = JavaScriptCore.framework; path = System/Library/Frameworks/JavaScriptCore.framework; sourceTree = SDKROOT; };
		78D918E3207A5424006A4DC5 /* Foundation.framework */ = {isa = PBXFileReference; lastKnownFileType = wrapper.framework; name = Foundation.framework; path = System/Library/Frameworks/Foundation.framework; sourceTree = SDKROOT; };
		78D918E5207A5424006A4DC5 /* UIKit.framework */ = {isa = PBXFileReference; lastKnownFileType = wrapper.framework; name = UIKit.framework; path = System/Library/Frameworks/UIKit.framework; sourceTree = SDKROOT; };
		78D918E9207A5424006A4DC5 /* Cloud_HomeDylib.xm */ = {isa = PBXFileReference; lastKnownFileType = text; name = Cloud_HomeDylib.xm; path = Logos/Cloud_HomeDylib.xm; sourceTree = "<group>"; };
		78D918EA207A5424006A4DC5 /* Cloud_HomeDylib.mm */ = {isa = PBXFileReference; lastKnownFileType = sourcecode.cpp.objcpp; name = Cloud_HomeDylib.mm; path = Logos/Cloud_HomeDylib.mm; sourceTree = "<group>"; };
		78D918ED207A5424006A4DC5 /* LLDBTools.h */ = {isa = PBXFileReference; lastKnownFileType = sourcecode.c.h; name = LLDBTools.h; path = Tools/LLDBTools.h; sourceTree = "<group>"; };
		78D918EF207A5424006A4DC5 /* LLDBTools.mm */ = {isa = PBXFileReference; lastKnownFileType = sourcecode.cpp.objcpp; name = LLDBTools.mm; path = Tools/LLDBTools.mm; sourceTree = "<group>"; };
		78D918F2207A5424006A4DC5 /* ANYMethodLog.h */ = {isa = PBXFileReference; lastKnownFileType = sourcecode.c.h; name = ANYMethodLog.h; path = MethodTrace/ANYMethodLog.h; sourceTree = "<group>"; };
		78D918F4207A5424006A4DC5 /* ANYMethodLog.m */ = {isa = PBXFileReference; lastKnownFileType = sourcecode.c.objc; name = ANYMethodLog.m; path = MethodTrace/ANYMethodLog.m; sourceTree = "<group>"; };
		78D918F6207A5424006A4DC5 /* MethodTrace.h */ = {isa = PBXFileReference; lastKnownFileType = sourcecode.c.h; name = MethodTrace.h; path = MethodTrace/MethodTrace.h; sourceTree = "<group>"; };
		78D918F8207A5424006A4DC5 /* MethodTrace.m */ = {isa = PBXFileReference; lastKnownFileType = sourcecode.c.objc; name = MethodTrace.m; path = MethodTrace/MethodTrace.m; sourceTree = "<group>"; };
		78D918FB207A5424006A4DC5 /* Cloud_HomeDylib-Prefix.pch */ = {isa = PBXFileReference; lastKnownFileType = sourcecode.c.h; path = "Cloud_HomeDylib-Prefix.pch"; sourceTree = "<group>"; };
		78D918FD207A5424006A4DC5 /* AntiAntiDebug.m */ = {isa = PBXFileReference; lastKnownFileType = sourcecode.c.objc; name = AntiAntiDebug.m; path = AntiAntiDebug/AntiAntiDebug.m; sourceTree = "<group>"; };
		78D91900207A5424006A4DC5 /* fishhook.c */ = {isa = PBXFileReference; lastKnownFileType = sourcecode.c.c; name = fishhook.c; path = fishhook/fishhook.c; sourceTree = "<group>"; };
		78D91902207A5424006A4DC5 /* fishhook.h */ = {isa = PBXFileReference; lastKnownFileType = sourcecode.c.h; name = fishhook.h; path = fishhook/fishhook.h; sourceTree = "<group>"; };
		78D91904207A5424006A4DC5 /* Cloud_HomeDylib.h */ = {isa = PBXFileReference; lastKnownFileType = sourcecode.c.h; path = Cloud_HomeDylib.h; sourceTree = "<group>"; };
		78D91906207A5424006A4DC5 /* Cloud_HomeDylib.m */ = {isa = PBXFileReference; lastKnownFileType = sourcecode.c.objc; path = Cloud_HomeDylib.m; sourceTree = "<group>"; };
		78D91910207A5843006A4DC5 /* Header.h */ = {isa = PBXFileReference; fileEncoding = 4; lastKnownFileType = sourcecode.c.h; path = Header.h; sourceTree = "<group>"; };
		78D91913207A5844006A4DC5 /* DTWIFIHook.h */ = {isa = PBXFileReference; fileEncoding = 4; lastKnownFileType = sourcecode.c.h; path = DTWIFIHook.h; sourceTree = "<group>"; };
		78D91915207A5844006A4DC5 /* DTWifiSettingViewController.m */ = {isa = PBXFileReference; fileEncoding = 4; lastKnownFileType = sourcecode.c.objc; path = DTWifiSettingViewController.m; sourceTree = "<group>"; };
		78D91916207A5844006A4DC5 /* DTWifiSettingViewController.h */ = {isa = PBXFileReference; fileEncoding = 4; lastKnownFileType = sourcecode.c.h; path = DTWifiSettingViewController.h; sourceTree = "<group>"; };
		78D91918207A5844006A4DC5 /* DTWifiSettingSession.h */ = {isa = PBXFileReference; fileEncoding = 4; lastKnownFileType = sourcecode.c.h; path = DTWifiSettingSession.h; sourceTree = "<group>"; };
		78D91919207A5844006A4DC5 /* DTWifiModel.m */ = {isa = PBXFileReference; fileEncoding = 4; lastKnownFileType = sourcecode.c.objc; path = DTWifiModel.m; sourceTree = "<group>"; };
		78D9191A207A5844006A4DC5 /* DTWifiSettingSession.m */ = {isa = PBXFileReference; fileEncoding = 4; lastKnownFileType = sourcecode.c.objc; path = DTWifiSettingSession.m; sourceTree = "<group>"; };
		78D9191B207A5844006A4DC5 /* DTWifiModel.h */ = {isa = PBXFileReference; fileEncoding = 4; lastKnownFileType = sourcecode.c.h; path = DTWifiModel.h; sourceTree = "<group>"; };
		78D9191C207A5844006A4DC5 /* DTWIFIHook.m */ = {isa = PBXFileReference; fileEncoding = 4; lastKnownFileType = sourcecode.c.objc; path = DTWIFIHook.m; sourceTree = "<group>"; };
		78D9191F207A5844006A4DC5 /* DTGPSSettingViewController.m */ = {isa = PBXFileReference; fileEncoding = 4; lastKnownFileType = sourcecode.c.objc; path = DTGPSSettingViewController.m; sourceTree = "<group>"; };
		78D91920207A5844006A4DC5 /* DTGPSSettingViewController.h */ = {isa = PBXFileReference; fileEncoding = 4; lastKnownFileType = sourcecode.c.h; path = DTGPSSettingViewController.h; sourceTree = "<group>"; };
		78D91922207A5844006A4DC5 /* DTCameraHook.m */ = {isa = PBXFileReference; fileEncoding = 4; lastKnownFileType = sourcecode.c.objc; path = DTCameraHook.m; sourceTree = "<group>"; };
		78D91924207A5844006A4DC5 /* DTCameraSettingViewController.m */ = {isa = PBXFileReference; fileEncoding = 4; lastKnownFileType = sourcecode.c.objc; path = DTCameraSettingViewController.m; sourceTree = "<group>"; };
		78D91925207A5844006A4DC5 /* DTCameraSettingViewController.h */ = {isa = PBXFileReference; fileEncoding = 4; lastKnownFileType = sourcecode.c.h; path = DTCameraSettingViewController.h; sourceTree = "<group>"; };
		78D91926207A5844006A4DC5 /* DTCameraHook.h */ = {isa = PBXFileReference; fileEncoding = 4; lastKnownFileType = sourcecode.c.h; path = DTCameraHook.h; sourceTree = "<group>"; };
		78D91929207A5844006A4DC5 /* DTGPSButton.m */ = {isa = PBXFileReference; fileEncoding = 4; lastKnownFileType = sourcecode.c.objc; path = DTGPSButton.m; sourceTree = "<group>"; };
		78D9192A207A5844006A4DC5 /* DTGPSButton.h */ = {isa = PBXFileReference; fileEncoding = 4; lastKnownFileType = sourcecode.c.h; path = DTGPSButton.h; sourceTree = "<group>"; };
		78D9192C207A5844006A4DC5 /* DTWifiHeaderView.h */ = {isa = PBXFileReference; fileEncoding = 4; lastKnownFileType = sourcecode.c.h; path = DTWifiHeaderView.h; sourceTree = "<group>"; };
		78D9192D207A5844006A4DC5 /* DTWifiHeaderView.m */ = {isa = PBXFileReference; fileEncoding = 4; lastKnownFileType = sourcecode.c.objc; path = DTWifiHeaderView.m; sourceTree = "<group>"; };
		78D9192F207A5844006A4DC5 /* UIImage+JFUtil.m */ = {isa = PBXFileReference; fileEncoding = 4; lastKnownFileType = sourcecode.c.objc; path = "UIImage+JFUtil.m"; sourceTree = "<group>"; };
		78D91930207A5844006A4DC5 /* JF_Helper.h */ = {isa = PBXFileReference; fileEncoding = 4; lastKnownFileType = sourcecode.c.h; path = JF_Helper.h; sourceTree = "<group>"; };
		78D91931207A5844006A4DC5 /* ALAsset+JFUtil.h */ = {isa = PBXFileReference; fileEncoding = 4; lastKnownFileType = sourcecode.c.h; path = "ALAsset+JFUtil.h"; sourceTree = "<group>"; };
		78D91934207A5844006A4DC5 /* QBImagePickerController.h */ = {isa = PBXFileReference; fileEncoding = 4; lastKnownFileType = sourcecode.c.h; path = QBImagePickerController.h; sourceTree = "<group>"; };
		78D91935207A5844006A4DC5 /* QBImagePickerGroupCell.m */ = {isa = PBXFileReference; fileEncoding = 4; lastKnownFileType = sourcecode.c.objc; path = QBImagePickerGroupCell.m; sourceTree = "<group>"; };
		78D91936207A5844006A4DC5 /* QBImagePickerThumbnailView.h */ = {isa = PBXFileReference; fileEncoding = 4; lastKnownFileType = sourcecode.c.h; path = QBImagePickerThumbnailView.h; sourceTree = "<group>"; };
		78D91937207A5844006A4DC5 /* QBAssetsCollectionCheckmarkView.h */ = {isa = PBXFileReference; fileEncoding = 4; lastKnownFileType = sourcecode.c.h; path = QBAssetsCollectionCheckmarkView.h; sourceTree = "<group>"; };
		78D91938207A5844006A4DC5 /* QBAssetsCollectionViewCell.m */ = {isa = PBXFileReference; fileEncoding = 4; lastKnownFileType = sourcecode.c.objc; path = QBAssetsCollectionViewCell.m; sourceTree = "<group>"; };
		78D91939207A5844006A4DC5 /* QBAssetsCollectionOverlayView.h */ = {isa = PBXFileReference; fileEncoding = 4; lastKnownFileType = sourcecode.c.h; path = QBAssetsCollectionOverlayView.h; sourceTree = "<group>"; };
		78D9193A207A5844006A4DC5 /* QBAssetsCollectionFooterView.m */ = {isa = PBXFileReference; fileEncoding = 4; lastKnownFileType = sourcecode.c.objc; path = QBAssetsCollectionFooterView.m; sourceTree = "<group>"; };
		78D9193B207A5844006A4DC5 /* QBAssetsCollectionViewLayout.h */ = {isa = PBXFileReference; fileEncoding = 4; lastKnownFileType = sourcecode.c.h; path = QBAssetsCollectionViewLayout.h; sourceTree = "<group>"; };
		78D9193C207A5844006A4DC5 /* QBAssetsCollectionViewController.m */ = {isa = PBXFileReference; fileEncoding = 4; lastKnownFileType = sourcecode.c.objc; path = QBAssetsCollectionViewController.m; sourceTree = "<group>"; };
		78D9193D207A5844006A4DC5 /* QBAssetsCollectionVideoIndicatorView.m */ = {isa = PBXFileReference; fileEncoding = 4; lastKnownFileType = sourcecode.c.objc; path = QBAssetsCollectionVideoIndicatorView.m; sourceTree = "<group>"; };
		78D9193E207A5844006A4DC5 /* QBImagePickerGroupCell.h */ = {isa = PBXFileReference; fileEncoding = 4; lastKnownFileType = sourcecode.c.h; path = QBImagePickerGroupCell.h; sourceTree = "<group>"; };
		78D9193F207A5844006A4DC5 /* QBImagePickerController.m */ = {isa = PBXFileReference; fileEncoding = 4; lastKnownFileType = sourcecode.c.objc; path = QBImagePickerController.m; sourceTree = "<group>"; };
		78D91940207A5844006A4DC5 /* QBAssetsCollectionViewCell.h */ = {isa = PBXFileReference; fileEncoding = 4; lastKnownFileType = sourcecode.c.h; path = QBAssetsCollectionViewCell.h; sourceTree = "<group>"; };
		78D91941207A5844006A4DC5 /* QBAssetsCollectionCheckmarkView.m */ = {isa = PBXFileReference; fileEncoding = 4; lastKnownFileType = sourcecode.c.objc; path = QBAssetsCollectionCheckmarkView.m; sourceTree = "<group>"; };
		78D91942207A5844006A4DC5 /* QBImagePickerThumbnailView.m */ = {isa = PBXFileReference; fileEncoding = 4; lastKnownFileType = sourcecode.c.objc; path = QBImagePickerThumbnailView.m; sourceTree = "<group>"; };
		78D91943207A5844006A4DC5 /* QBAssetsCollectionFooterView.h */ = {isa = PBXFileReference; fileEncoding = 4; lastKnownFileType = sourcecode.c.h; path = QBAssetsCollectionFooterView.h; sourceTree = "<group>"; };
		78D91944207A5844006A4DC5 /* QBAssetsCollectionOverlayView.m */ = {isa = PBXFileReference; fileEncoding = 4; lastKnownFileType = sourcecode.c.objc; path = QBAssetsCollectionOverlayView.m; sourceTree = "<group>"; };
		78D91945207A5844006A4DC5 /* QBAssetsCollectionVideoIndicatorView.h */ = {isa = PBXFileReference; fileEncoding = 4; lastKnownFileType = sourcecode.c.h; path = QBAssetsCollectionVideoIndicatorView.h; sourceTree = "<group>"; };
		78D91946207A5844006A4DC5 /* QBAssetsCollectionViewLayout.m */ = {isa = PBXFileReference; fileEncoding = 4; lastKnownFileType = sourcecode.c.objc; path = QBAssetsCollectionViewLayout.m; sourceTree = "<group>"; };
		78D91947207A5844006A4DC5 /* QBAssetsCollectionViewController.h */ = {isa = PBXFileReference; fileEncoding = 4; lastKnownFileType = sourcecode.c.h; path = QBAssetsCollectionViewController.h; sourceTree = "<group>"; };
		78D9194A207A5844006A4DC5 /* ja */ = {isa = PBXFileReference; lastKnownFileType = text.plist.strings; name = ja; path = ja.lproj/QBImagePickerController.strings; sourceTree = "<group>"; };
		78D9194B207A5844006A4DC5 /* en */ = {isa = PBXFileReference; lastKnownFileType = text.plist.strings; name = en; path = en.lproj/QBImagePickerController.strings; sourceTree = "<group>"; };
		78D9194C207A5844006A4DC5 /* UIImage+JFUtil.h */ = {isa = PBXFileReference; fileEncoding = 4; lastKnownFileType = sourcecode.c.h; path = "UIImage+JFUtil.h"; sourceTree = "<group>"; };
		78D9194D207A5844006A4DC5 /* JF_Helper.m */ = {isa = PBXFileReference; fileEncoding = 4; lastKnownFileType = sourcecode.c.objc; path = JF_Helper.m; sourceTree = "<group>"; };
		78D9194E207A5844006A4DC5 /* ALAsset+JFUtil.m */ = {isa = PBXFileReference; fileEncoding = 4; lastKnownFileType = sourcecode.c.objc; path = "ALAsset+JFUtil.m"; sourceTree = "<group>"; };
/* End PBXFileReference section */

/* Begin PBXFrameworksBuildPhase section */
		78D918C4207A5424006A4DC5 /* Frameworks */ = {
			isa = PBXFrameworksBuildPhase;
			buildActionMask = 2147483647;
			files = (
			);
			runOnlyForDeploymentPostprocessing = 0;
		};
		78D918D9207A5424006A4DC5 /* Frameworks */ = {
			isa = PBXFrameworksBuildPhase;
			buildActionMask = 2147483647;
			files = (
				78D918E2207A5424006A4DC5 /* JavaScriptCore.framework in Frameworks */,
				78D918E6207A5424006A4DC5 /* UIKit.framework in Frameworks */,
				78D918E4207A5424006A4DC5 /* Foundation.framework in Frameworks */,
			);
			runOnlyForDeploymentPostprocessing = 0;
		};
/* End PBXFrameworksBuildPhase section */

/* Begin PBXGroup section */
		78D918BE207A5424006A4DC5 = {
			isa = PBXGroup;
			children = (
				78D918CC207A5424006A4DC5 /* Cloud_Home */,
				78D918E7207A5424006A4DC5 /* Cloud_HomeDylib */,
				78D918E0207A5424006A4DC5 /* Frameworks */,
				78D918CB207A5424006A4DC5 /* Products */,
			);
			sourceTree = "<group>";
		};
		78D918CB207A5424006A4DC5 /* Products */ = {
			isa = PBXGroup;
			children = (
				78D918CA207A5424006A4DC5 /* Cloud_Home.app */,
				78D918DC207A5424006A4DC5 /* libCloud_HomeDylib.dylib */,
			);
			name = Products;
			sourceTree = "<group>";
		};
		78D918CC207A5424006A4DC5 /* Cloud_Home */ = {
			isa = PBXGroup;
			children = (
				78D918CD207A5424006A4DC5 /* icon.png */,
				78D918CE207A5424006A4DC5 /* Target.plist */,
				78D918D6207A5424006A4DC5 /* Info.plist */,
				78D918CF207A5424006A4DC5 /* Scripts */,
				78D918D1207A5424006A4DC5 /* Config */,
				78D918D4207A5424006A4DC5 /* TargetApp */,
			);
			path = Cloud_Home;
			sourceTree = "<group>";
		};
		78D918CF207A5424006A4DC5 /* Scripts */ = {
			isa = PBXGroup;
			children = (
				78D918D0207A5424006A4DC5 /* quick-resign.sh */,
			);
			name = Scripts;
			sourceTree = "<group>";
		};
		78D918D1207A5424006A4DC5 /* Config */ = {
			isa = PBXGroup;
			children = (
				78D918D2207A5424006A4DC5 /* MethodTraceConfig.plist */,
			);
			name = Config;
			sourceTree = "<group>";
		};
		78D918D4207A5424006A4DC5 /* TargetApp */ = {
			isa = PBXGroup;
			children = (
				78D918D5207A5424006A4DC5 /* put ipa or app here */,
			);
			name = TargetApp;
			sourceTree = "<group>";
		};
		78D918E0207A5424006A4DC5 /* Frameworks */ = {
			isa = PBXGroup;
			children = (
				78D918E1207A5424006A4DC5 /* JavaScriptCore.framework */,
				78D918E3207A5424006A4DC5 /* Foundation.framework */,
				78D918E5207A5424006A4DC5 /* UIKit.framework */,
			);
			name = Frameworks;
			sourceTree = "<group>";
		};
		78D918E7207A5424006A4DC5 /* Cloud_HomeDylib */ = {
			isa = PBXGroup;
			children = (
				78D91904207A5424006A4DC5 /* Cloud_HomeDylib.h */,
				78D91906207A5424006A4DC5 /* Cloud_HomeDylib.m */,
				78D91910207A5843006A4DC5 /* Header.h */,
				78D91911207A5844006A4DC5 /* HookCenter */,
				78D918E8207A5424006A4DC5 /* Logos */,
				78D918EC207A5424006A4DC5 /* Tools */,
				78D918F1207A5424006A4DC5 /* MethodTrace */,
				78D918FC207A5424006A4DC5 /* AntiAntiDebug */,
				78D918FF207A5424006A4DC5 /* fishhook */,
				78D918FA207A5424006A4DC5 /* Supporting Files */,
			);
			path = Cloud_HomeDylib;
			sourceTree = "<group>";
		};
		78D918E8207A5424006A4DC5 /* Logos */ = {
			isa = PBXGroup;
			children = (
				78D918E9207A5424006A4DC5 /* Cloud_HomeDylib.xm */,
				78D918EA207A5424006A4DC5 /* Cloud_HomeDylib.mm */,
			);
			name = Logos;
			sourceTree = "<group>";
		};
		78D918EC207A5424006A4DC5 /* Tools */ = {
			isa = PBXGroup;
			children = (
				78D918ED207A5424006A4DC5 /* LLDBTools.h */,
				78D918EF207A5424006A4DC5 /* LLDBTools.mm */,
			);
			name = Tools;
			sourceTree = "<group>";
		};
		78D918F1207A5424006A4DC5 /* MethodTrace */ = {
			isa = PBXGroup;
			children = (
				78D918F2207A5424006A4DC5 /* ANYMethodLog.h */,
				78D918F4207A5424006A4DC5 /* ANYMethodLog.m */,
				78D918F6207A5424006A4DC5 /* MethodTrace.h */,
				78D918F8207A5424006A4DC5 /* MethodTrace.m */,
			);
			name = MethodTrace;
			sourceTree = "<group>";
		};
		78D918FA207A5424006A4DC5 /* Supporting Files */ = {
			isa = PBXGroup;
			children = (
				78D918FB207A5424006A4DC5 /* Cloud_HomeDylib-Prefix.pch */,
			);
			name = "Supporting Files";
			sourceTree = "<group>";
		};
		78D918FC207A5424006A4DC5 /* AntiAntiDebug */ = {
			isa = PBXGroup;
			children = (
				78D918FD207A5424006A4DC5 /* AntiAntiDebug.m */,
			);
			name = AntiAntiDebug;
			sourceTree = "<group>";
		};
		78D918FF207A5424006A4DC5 /* fishhook */ = {
			isa = PBXGroup;
			children = (
				78D91900207A5424006A4DC5 /* fishhook.c */,
				78D91902207A5424006A4DC5 /* fishhook.h */,
			);
			name = fishhook;
			sourceTree = "<group>";
		};
		78D91911207A5844006A4DC5 /* HookCenter */ = {
			isa = PBXGroup;
			children = (
				78D91912207A5844006A4DC5 /* WIFI */,
				78D9191D207A5844006A4DC5 /* GPS */,
				78D91921207A5844006A4DC5 /* Camera */,
				78D91927207A5844006A4DC5 /* View */,
				78D9192E207A5844006A4DC5 /* JF_Helper */,
			);
			path = HookCenter;
			sourceTree = "<group>";
		};
		78D91912207A5844006A4DC5 /* WIFI */ = {
			isa = PBXGroup;
			children = (
				78D91913207A5844006A4DC5 /* DTWIFIHook.h */,
				78D91914207A5844006A4DC5 /* WIFISettingViewController */,
				78D91917207A5844006A4DC5 /* Model */,
				78D9191C207A5844006A4DC5 /* DTWIFIHook.m */,
			);
			path = WIFI;
			sourceTree = "<group>";
		};
		78D91914207A5844006A4DC5 /* WIFISettingViewController */ = {
			isa = PBXGroup;
			children = (
				78D91915207A5844006A4DC5 /* DTWifiSettingViewController.m */,
				78D91916207A5844006A4DC5 /* DTWifiSettingViewController.h */,
			);
			path = WIFISettingViewController;
			sourceTree = "<group>";
		};
		78D91917207A5844006A4DC5 /* Model */ = {
			isa = PBXGroup;
			children = (
				78D91918207A5844006A4DC5 /* DTWifiSettingSession.h */,
				78D91919207A5844006A4DC5 /* DTWifiModel.m */,
				78D9191A207A5844006A4DC5 /* DTWifiSettingSession.m */,
				78D9191B207A5844006A4DC5 /* DTWifiModel.h */,
			);
			path = Model;
			sourceTree = "<group>";
		};
		78D9191D207A5844006A4DC5 /* GPS */ = {
			isa = PBXGroup;
			children = (
				78D9191E207A5844006A4DC5 /* GPSSettingViewController */,
			);
			path = GPS;
			sourceTree = "<group>";
		};
		78D9191E207A5844006A4DC5 /* GPSSettingViewController */ = {
			isa = PBXGroup;
			children = (
				78D9191F207A5844006A4DC5 /* DTGPSSettingViewController.m */,
				78D91920207A5844006A4DC5 /* DTGPSSettingViewController.h */,
			);
			path = GPSSettingViewController;
			sourceTree = "<group>";
		};
		78D91921207A5844006A4DC5 /* Camera */ = {
			isa = PBXGroup;
			children = (
				78D91922207A5844006A4DC5 /* DTCameraHook.m */,
				78D91923207A5844006A4DC5 /* CameraSettingViewController */,
				78D91926207A5844006A4DC5 /* DTCameraHook.h */,
			);
			path = Camera;
			sourceTree = "<group>";
		};
		78D91923207A5844006A4DC5 /* CameraSettingViewController */ = {
			isa = PBXGroup;
			children = (
				78D91924207A5844006A4DC5 /* DTCameraSettingViewController.m */,
				78D91925207A5844006A4DC5 /* DTCameraSettingViewController.h */,
			);
			path = CameraSettingViewController;
			sourceTree = "<group>";
		};
		78D91927207A5844006A4DC5 /* View */ = {
			isa = PBXGroup;
			children = (
				78D91928207A5844006A4DC5 /* DTGPSButton */,
				78D9192B207A5844006A4DC5 /* DTWifiHeaderView */,
			);
			path = View;
			sourceTree = "<group>";
		};
		78D91928207A5844006A4DC5 /* DTGPSButton */ = {
			isa = PBXGroup;
			children = (
				78D91929207A5844006A4DC5 /* DTGPSButton.m */,
				78D9192A207A5844006A4DC5 /* DTGPSButton.h */,
			);
			path = DTGPSButton;
			sourceTree = "<group>";
		};
		78D9192B207A5844006A4DC5 /* DTWifiHeaderView */ = {
			isa = PBXGroup;
			children = (
				78D9192C207A5844006A4DC5 /* DTWifiHeaderView.h */,
				78D9192D207A5844006A4DC5 /* DTWifiHeaderView.m */,
			);
			path = DTWifiHeaderView;
			sourceTree = "<group>";
		};
		78D9192E207A5844006A4DC5 /* JF_Helper */ = {
			isa = PBXGroup;
			children = (
				78D9192F207A5844006A4DC5 /* UIImage+JFUtil.m */,
				78D91930207A5844006A4DC5 /* JF_Helper.h */,
				78D91931207A5844006A4DC5 /* ALAsset+JFUtil.h */,
				78D91932207A5844006A4DC5 /* QBImagePickerController */,
				78D9194C207A5844006A4DC5 /* UIImage+JFUtil.h */,
				78D9194D207A5844006A4DC5 /* JF_Helper.m */,
				78D9194E207A5844006A4DC5 /* ALAsset+JFUtil.m */,
			);
			path = JF_Helper;
			sourceTree = "<group>";
		};
		78D91932207A5844006A4DC5 /* QBImagePickerController */ = {
			isa = PBXGroup;
			children = (
				78D91933207A5844006A4DC5 /* Classes */,
				78D91948207A5844006A4DC5 /* Assets */,
			);
			path = QBImagePickerController;
			sourceTree = "<group>";
		};
		78D91933207A5844006A4DC5 /* Classes */ = {
			isa = PBXGroup;
			children = (
				78D91934207A5844006A4DC5 /* QBImagePickerController.h */,
				78D91935207A5844006A4DC5 /* QBImagePickerGroupCell.m */,
				78D91936207A5844006A4DC5 /* QBImagePickerThumbnailView.h */,
				78D91937207A5844006A4DC5 /* QBAssetsCollectionCheckmarkView.h */,
				78D91938207A5844006A4DC5 /* QBAssetsCollectionViewCell.m */,
				78D91939207A5844006A4DC5 /* QBAssetsCollectionOverlayView.h */,
				78D9193A207A5844006A4DC5 /* QBAssetsCollectionFooterView.m */,
				78D9193B207A5844006A4DC5 /* QBAssetsCollectionViewLayout.h */,
				78D9193C207A5844006A4DC5 /* QBAssetsCollectionViewController.m */,
				78D9193D207A5844006A4DC5 /* QBAssetsCollectionVideoIndicatorView.m */,
				78D9193E207A5844006A4DC5 /* QBImagePickerGroupCell.h */,
				78D9193F207A5844006A4DC5 /* QBImagePickerController.m */,
				78D91940207A5844006A4DC5 /* QBAssetsCollectionViewCell.h */,
				78D91941207A5844006A4DC5 /* QBAssetsCollectionCheckmarkView.m */,
				78D91942207A5844006A4DC5 /* QBImagePickerThumbnailView.m */,
				78D91943207A5844006A4DC5 /* QBAssetsCollectionFooterView.h */,
				78D91944207A5844006A4DC5 /* QBAssetsCollectionOverlayView.m */,
				78D91945207A5844006A4DC5 /* QBAssetsCollectionVideoIndicatorView.h */,
				78D91946207A5844006A4DC5 /* QBAssetsCollectionViewLayout.m */,
				78D91947207A5844006A4DC5 /* QBAssetsCollectionViewController.h */,
			);
			path = Classes;
			sourceTree = "<group>";
		};
		78D91948207A5844006A4DC5 /* Assets */ = {
			isa = PBXGroup;
			children = (
				78D91949207A5844006A4DC5 /* QBImagePickerController.strings */,
			);
			path = Assets;
			sourceTree = "<group>";
		};
/* End PBXGroup section */

/* Begin PBXHeadersBuildPhase section */
		78D918DA207A5424006A4DC5 /* Headers */ = {
			isa = PBXHeadersBuildPhase;
			buildActionMask = 2147483647;
			files = (
				78D91979207A5845006A4DC5 /* UIImage+JFUtil.h in Headers */,
				78D91967207A5844006A4DC5 /* QBImagePickerThumbnailView.h in Headers */,
				78D9196F207A5844006A4DC5 /* QBImagePickerGroupCell.h in Headers */,
				78D91963207A5844006A4DC5 /* JF_Helper.h in Headers */,
				78D91905207A5424006A4DC5 /* Cloud_HomeDylib.h in Headers */,
				78D9196A207A5844006A4DC5 /* QBAssetsCollectionOverlayView.h in Headers */,
				78D9195F207A5844006A4DC5 /* DTGPSButton.h in Headers */,
				78D9195D207A5844006A4DC5 /* DTCameraHook.h in Headers */,
				78D91971207A5844006A4DC5 /* QBAssetsCollectionViewCell.h in Headers */,
				78D91978207A5845006A4DC5 /* QBAssetsCollectionViewController.h in Headers */,
				78D91950207A5844006A4DC5 /* DTWIFIHook.h in Headers */,
				78D91965207A5844006A4DC5 /* QBImagePickerController.h in Headers */,
				78D91968207A5844006A4DC5 /* QBAssetsCollectionCheckmarkView.h in Headers */,
				78D91953207A5844006A4DC5 /* DTWifiSettingSession.h in Headers */,
				78D9195C207A5844006A4DC5 /* DTCameraSettingViewController.h in Headers */,
				78D91959207A5844006A4DC5 /* DTGPSSettingViewController.h in Headers */,
				78D918EE207A5424006A4DC5 /* LLDBTools.h in Headers */,
				78D91976207A5845006A4DC5 /* QBAssetsCollectionVideoIndicatorView.h in Headers */,
				78D918F7207A5424006A4DC5 /* MethodTrace.h in Headers */,
				78D9194F207A5844006A4DC5 /* Header.h in Headers */,
				78D91960207A5844006A4DC5 /* DTWifiHeaderView.h in Headers */,
				78D918F3207A5424006A4DC5 /* ANYMethodLog.h in Headers */,
				78D91903207A5424006A4DC5 /* fishhook.h in Headers */,
				78D91952207A5844006A4DC5 /* DTWifiSettingViewController.h in Headers */,
				78D91956207A5844006A4DC5 /* DTWifiModel.h in Headers */,
				78D91974207A5845006A4DC5 /* QBAssetsCollectionFooterView.h in Headers */,
				78D91964207A5844006A4DC5 /* ALAsset+JFUtil.h in Headers */,
				78D9196C207A5844006A4DC5 /* QBAssetsCollectionViewLayout.h in Headers */,
			);
			runOnlyForDeploymentPostprocessing = 0;
		};
/* End PBXHeadersBuildPhase section */

/* Begin PBXNativeTarget section */
		78D918C9207A5424006A4DC5 /* Cloud_Home */ = {
			isa = PBXNativeTarget;
			buildConfigurationList = 78D9190D207A5424006A4DC5 /* Build configuration list for PBXNativeTarget "Cloud_Home" */;
			buildPhases = (
				78D918C3207A5424006A4DC5 /* Sources */,
				78D918C4207A5424006A4DC5 /* Frameworks */,
				78D918C5207A5424006A4DC5 /* ShellScript */,
				78D918C6207A5424006A4DC5 /* Resources */,
				78D918C7207A5424006A4DC5 /* CopyFiles */,
				78D918C8207A5424006A4DC5 /* ShellScript */,
			);
			buildRules = (
			);
			dependencies = (
				78D918DF207A5424006A4DC5 /* PBXTargetDependency */,
			);
			name = Cloud_Home;
			productName = Cloud_Home;
			productReference = 78D918CA207A5424006A4DC5 /* Cloud_Home.app */;
			productType = "com.apple.product-type.application";
		};
		78D918DB207A5424006A4DC5 /* Cloud_HomeDylib */ = {
			isa = PBXNativeTarget;
			buildConfigurationList = 78D9190A207A5424006A4DC5 /* Build configuration list for PBXNativeTarget "Cloud_HomeDylib" */;
			buildPhases = (
				78D918D7207A5424006A4DC5 /* ShellScript */,
				78D918D8207A5424006A4DC5 /* Sources */,
				78D918D9207A5424006A4DC5 /* Frameworks */,
				78D918DA207A5424006A4DC5 /* Headers */,
			);
			buildRules = (
			);
			dependencies = (
			);
			name = Cloud_HomeDylib;
			productName = Cloud_HomeDylib;
			productReference = 78D918DC207A5424006A4DC5 /* libCloud_HomeDylib.dylib */;
			productType = "com.apple.product-type.library.dynamic";
		};
/* End PBXNativeTarget section */

/* Begin PBXProject section */
		78D918BF207A5424006A4DC5 /* Project object */ = {
			isa = PBXProject;
			attributes = {
				LastUpgradeCheck = 0930;
				ORGANIZATIONNAME = flh;
				TargetAttributes = {
					78D918C9207A5424006A4DC5 = {
						CreatedOnToolsVersion = 9.3;
					};
					78D918DB207A5424006A4DC5 = {
						CreatedOnToolsVersion = 9.3;
					};
				};
			};
			buildConfigurationList = 78D918C2207A5424006A4DC5 /* Build configuration list for PBXProject "Cloud_Home" */;
			compatibilityVersion = "Xcode 9.3";
			developmentRegion = en;
			hasScannedForEncodings = 0;
			knownRegions = (
				en,
				ja,
			);
			mainGroup = 78D918BE207A5424006A4DC5;
			productRefGroup = 78D918CB207A5424006A4DC5 /* Products */;
			projectDirPath = "";
			projectRoot = "";
			targets = (
				78D918C9207A5424006A4DC5 /* Cloud_Home */,
				78D918DB207A5424006A4DC5 /* Cloud_HomeDylib */,
			);
		};
/* End PBXProject section */

/* Begin PBXResourcesBuildPhase section */
		78D918C6207A5424006A4DC5 /* Resources */ = {
			isa = PBXResourcesBuildPhase;
			buildActionMask = 2147483647;
			files = (
				78D918D3207A5424006A4DC5 /* MethodTraceConfig.plist in Resources */,
			);
			runOnlyForDeploymentPostprocessing = 0;
		};
/* End PBXResourcesBuildPhase section */

/* Begin PBXShellScriptBuildPhase section */
		78D918C5207A5424006A4DC5 /* ShellScript */ = {
			isa = PBXShellScriptBuildPhase;
			buildActionMask = 2147483647;
			files = (
			);
			inputPaths = (
			);
			outputPaths = (
			);
			runOnlyForDeploymentPostprocessing = 0;
			shellPath = /bin/sh;
			shellScript = /opt/MonkeyDev/Tools/pack.sh;
		};
		78D918C8207A5424006A4DC5 /* ShellScript */ = {
			isa = PBXShellScriptBuildPhase;
			buildActionMask = 2147483647;
			files = (
			);
			inputPaths = (
			);
			outputPaths = (
			);
			runOnlyForDeploymentPostprocessing = 0;
			shellPath = /bin/sh;
			shellScript = "/opt/MonkeyDev/Tools/pack.sh codesign";
		};
		78D918D7207A5424006A4DC5 /* ShellScript */ = {
			isa = PBXShellScriptBuildPhase;
			buildActionMask = 2147483647;
			files = (
			);
			inputPaths = (
			);
			outputPaths = (
			);
			runOnlyForDeploymentPostprocessing = 0;
			shellPath = /bin/sh;
			shellScript = "/opt/MonkeyDev/bin/md --xcbp-logos";
		};
/* End PBXShellScriptBuildPhase section */

/* Begin PBXSourcesBuildPhase section */
		78D918C3207A5424006A4DC5 /* Sources */ = {
			isa = PBXSourcesBuildPhase;
			buildActionMask = 2147483647;
			files = (
			);
			runOnlyForDeploymentPostprocessing = 0;
		};
		78D918D8207A5424006A4DC5 /* Sources */ = {
			isa = PBXSourcesBuildPhase;
			buildActionMask = 2147483647;
			files = (
				78D9195B207A5844006A4DC5 /* DTCameraSettingViewController.m in Sources */,
				78D9195A207A5844006A4DC5 /* DTCameraHook.m in Sources */,
				78D91907207A5424006A4DC5 /* Cloud_HomeDylib.m in Sources */,
				78D918F9207A5424006A4DC5 /* MethodTrace.m in Sources */,
				78D91958207A5844006A4DC5 /* DTGPSSettingViewController.m in Sources */,
				78D9197A207A5845006A4DC5 /* JF_Helper.m in Sources */,
				78D91955207A5844006A4DC5 /* DTWifiSettingSession.m in Sources */,
				78D91972207A5844006A4DC5 /* QBAssetsCollectionCheckmarkView.m in Sources */,
				78D9196D207A5844006A4DC5 /* QBAssetsCollectionViewController.m in Sources */,
				78D91966207A5844006A4DC5 /* QBImagePickerGroupCell.m in Sources */,
				78D91977207A5845006A4DC5 /* QBAssetsCollectionViewLayout.m in Sources */,
				78D918FE207A5424006A4DC5 /* AntiAntiDebug.m in Sources */,
				78D91970207A5844006A4DC5 /* QBImagePickerController.m in Sources */,
				78D91957207A5844006A4DC5 /* DTWIFIHook.m in Sources */,
				78D91961207A5844006A4DC5 /* DTWifiHeaderView.m in Sources */,
				78D91973207A5844006A4DC5 /* QBImagePickerThumbnailView.m in Sources */,
				78D918EB207A5424006A4DC5 /* Cloud_HomeDylib.mm in Sources */,
				78D91975207A5845006A4DC5 /* QBAssetsCollectionOverlayView.m in Sources */,
				78D91951207A5844006A4DC5 /* DTWifiSettingViewController.m in Sources */,
				78D91954207A5844006A4DC5 /* DTWifiModel.m in Sources */,
				78D918F5207A5424006A4DC5 /* ANYMethodLog.m in Sources */,
				78D91969207A5844006A4DC5 /* QBAssetsCollectionViewCell.m in Sources */,
				78D9197B207A5845006A4DC5 /* ALAsset+JFUtil.m in Sources */,
				78D91901207A5424006A4DC5 /* fishhook.c in Sources */,
				78D918F0207A5424006A4DC5 /* LLDBTools.mm in Sources */,
				78D9196E207A5844006A4DC5 /* QBAssetsCollectionVideoIndicatorView.m in Sources */,
				78D9196B207A5844006A4DC5 /* QBAssetsCollectionFooterView.m in Sources */,
				78D91962207A5844006A4DC5 /* UIImage+JFUtil.m in Sources */,
				78D9195E207A5844006A4DC5 /* DTGPSButton.m in Sources */,
			);
			runOnlyForDeploymentPostprocessing = 0;
		};
/* End PBXSourcesBuildPhase section */

/* Begin PBXTargetDependency section */
		78D918DF207A5424006A4DC5 /* PBXTargetDependency */ = {
			isa = PBXTargetDependency;
			target = 78D918DB207A5424006A4DC5 /* Cloud_HomeDylib */;
			targetProxy = 78D918DE207A5424006A4DC5 /* PBXContainerItemProxy */;
		};
/* End PBXTargetDependency section */

/* Begin PBXVariantGroup section */
		78D91949207A5844006A4DC5 /* QBImagePickerController.strings */ = {
			isa = PBXVariantGroup;
			children = (
				78D9194A207A5844006A4DC5 /* ja */,
				78D9194B207A5844006A4DC5 /* en */,
			);
			name = QBImagePickerController.strings;
			sourceTree = "<group>";
		};
/* End PBXVariantGroup section */

/* Begin XCBuildConfiguration section */
		78D91908207A5424006A4DC5 /* Debug */ = {
			isa = XCBuildConfiguration;
			buildSettings = {
				ALWAYS_SEARCH_USER_PATHS = NO;
				CLANG_ANALYZER_NONNULL = YES;
				CLANG_ANALYZER_NUMBER_OBJECT_CONVERSION = YES_AGGRESSIVE;
				CLANG_CXX_LANGUAGE_STANDARD = "gnu++14";
				CLANG_CXX_LIBRARY = "libc++";
				CLANG_ENABLE_MODULES = YES;
				CLANG_ENABLE_OBJC_ARC = YES;
				CLANG_ENABLE_OBJC_WEAK = YES;
				CLANG_WARN_BLOCK_CAPTURE_AUTORELEASING = YES;
				CLANG_WARN_BOOL_CONVERSION = YES;
				CLANG_WARN_COMMA = YES;
				CLANG_WARN_CONSTANT_CONVERSION = YES;
				CLANG_WARN_DEPRECATED_OBJC_IMPLEMENTATIONS = YES;
				CLANG_WARN_DIRECT_OBJC_ISA_USAGE = YES_ERROR;
				CLANG_WARN_DOCUMENTATION_COMMENTS = YES;
				CLANG_WARN_EMPTY_BODY = YES;
				CLANG_WARN_ENUM_CONVERSION = YES;
				CLANG_WARN_INFINITE_RECURSION = YES;
				CLANG_WARN_INT_CONVERSION = YES;
				CLANG_WARN_NON_LITERAL_NULL_CONVERSION = YES;
				CLANG_WARN_OBJC_IMPLICIT_RETAIN_SELF = YES;
				CLANG_WARN_OBJC_LITERAL_CONVERSION = YES;
				CLANG_WARN_OBJC_ROOT_CLASS = YES_ERROR;
				CLANG_WARN_RANGE_LOOP_ANALYSIS = YES;
				CLANG_WARN_STRICT_PROTOTYPES = YES;
				CLANG_WARN_SUSPICIOUS_MOVE = YES;
				CLANG_WARN_UNGUARDED_AVAILABILITY = YES_AGGRESSIVE;
				CLANG_WARN_UNREACHABLE_CODE = YES;
				CLANG_WARN__DUPLICATE_METHOD_MATCH = YES;
				CODE_SIGN_IDENTITY = "iPhone Developer";
				COPY_PHASE_STRIP = NO;
				DEBUG_INFORMATION_FORMAT = dwarf;
				ENABLE_STRICT_OBJC_MSGSEND = YES;
				ENABLE_TESTABILITY = YES;
				GCC_C_LANGUAGE_STANDARD = gnu11;
				GCC_DYNAMIC_NO_PIC = NO;
				GCC_NO_COMMON_BLOCKS = YES;
				GCC_OPTIMIZATION_LEVEL = 0;
				GCC_PREPROCESSOR_DEFINITIONS = (
					"DEBUG=1",
					"$(inherited)",
				);
				GCC_WARN_64_TO_32_BIT_CONVERSION = YES;
				GCC_WARN_ABOUT_RETURN_TYPE = YES_ERROR;
				GCC_WARN_UNDECLARED_SELECTOR = YES;
				GCC_WARN_UNINITIALIZED_AUTOS = YES_AGGRESSIVE;
				GCC_WARN_UNUSED_FUNCTION = YES;
				GCC_WARN_UNUSED_VARIABLE = YES;
				IPHONEOS_DEPLOYMENT_TARGET = 8.0;
				MTL_ENABLE_DEBUG_INFO = YES;
				ONLY_ACTIVE_ARCH = YES;
				SDKROOT = iphoneos;
			};
			name = Debug;
		};
		78D91909207A5424006A4DC5 /* Release */ = {
			isa = XCBuildConfiguration;
			buildSettings = {
				ALWAYS_SEARCH_USER_PATHS = NO;
				CLANG_ANALYZER_NONNULL = YES;
				CLANG_ANALYZER_NUMBER_OBJECT_CONVERSION = YES_AGGRESSIVE;
				CLANG_CXX_LANGUAGE_STANDARD = "gnu++14";
				CLANG_CXX_LIBRARY = "libc++";
				CLANG_ENABLE_MODULES = YES;
				CLANG_ENABLE_OBJC_ARC = YES;
				CLANG_ENABLE_OBJC_WEAK = YES;
				CLANG_WARN_BLOCK_CAPTURE_AUTORELEASING = YES;
				CLANG_WARN_BOOL_CONVERSION = YES;
				CLANG_WARN_COMMA = YES;
				CLANG_WARN_CONSTANT_CONVERSION = YES;
				CLANG_WARN_DEPRECATED_OBJC_IMPLEMENTATIONS = YES;
				CLANG_WARN_DIRECT_OBJC_ISA_USAGE = YES_ERROR;
				CLANG_WARN_DOCUMENTATION_COMMENTS = YES;
				CLANG_WARN_EMPTY_BODY = YES;
				CLANG_WARN_ENUM_CONVERSION = YES;
				CLANG_WARN_INFINITE_RECURSION = YES;
				CLANG_WARN_INT_CONVERSION = YES;
				CLANG_WARN_NON_LITERAL_NULL_CONVERSION = YES;
				CLANG_WARN_OBJC_IMPLICIT_RETAIN_SELF = YES;
				CLANG_WARN_OBJC_LITERAL_CONVERSION = YES;
				CLANG_WARN_OBJC_ROOT_CLASS = YES_ERROR;
				CLANG_WARN_RANGE_LOOP_ANALYSIS = YES;
				CLANG_WARN_STRICT_PROTOTYPES = YES;
				CLANG_WARN_SUSPICIOUS_MOVE = YES;
				CLANG_WARN_UNGUARDED_AVAILABILITY = YES_AGGRESSIVE;
				CLANG_WARN_UNREACHABLE_CODE = YES;
				CLANG_WARN__DUPLICATE_METHOD_MATCH = YES;
				CODE_SIGN_IDENTITY = "iPhone Developer";
				COPY_PHASE_STRIP = NO;
				DEBUG_INFORMATION_FORMAT = "dwarf-with-dsym";
				ENABLE_NS_ASSERTIONS = NO;
				ENABLE_STRICT_OBJC_MSGSEND = YES;
				GCC_C_LANGUAGE_STANDARD = gnu11;
				GCC_NO_COMMON_BLOCKS = YES;
				GCC_WARN_64_TO_32_BIT_CONVERSION = YES;
				GCC_WARN_ABOUT_RETURN_TYPE = YES_ERROR;
				GCC_WARN_UNDECLARED_SELECTOR = YES;
				GCC_WARN_UNINITIALIZED_AUTOS = YES_AGGRESSIVE;
				GCC_WARN_UNUSED_FUNCTION = YES;
				GCC_WARN_UNUSED_VARIABLE = YES;
				IPHONEOS_DEPLOYMENT_TARGET = 8.0;
				MTL_ENABLE_DEBUG_INFO = NO;
				SDKROOT = iphoneos;
				VALIDATE_PRODUCT = YES;
			};
			name = Release;
		};
		78D9190B207A5424006A4DC5 /* Debug */ = {
			isa = XCBuildConfiguration;
			buildSettings = {
				CODE_SIGN_STYLE = Automatic;
				DEVELOPMENT_TEAM = DJ6J6WLK86;
				DYLIB_COMPATIBILITY_VERSION = 1;
				DYLIB_CURRENT_VERSION = 1;
				ENABLE_BITCODE = NO;
				EXCLUDED_RECURSIVE_SEARCH_PATH_SUBDIRECTORIES = "*.nib *.lproj *.gch (*) .DS_Store CVS .svn .git .hg *.xcodeproj *.xcode *.pbproj *.pbxproj";
				EXECUTABLE_PREFIX = lib;
				FRAMEWORK_SEARCH_PATHS = (
					"$(inherited)",
					"$(MonkeyDevPath)/Frameworks/**",
					"$(MonkeyDevPath)/Librarys/**",
					"$(MonkeyDevTheosPath)/vendor/lib",
				);
				GCC_C_LANGUAGE_STANDARD = gnu99;
				GCC_PRECOMPILE_PREFIX_HEADER = YES;
				GCC_PREFIX_HEADER = "Cloud_HomeDylib/Cloud_HomeDylib-Prefix.pch";
				GCC_SYMBOLS_PRIVATE_EXTERN = NO;
				GCC_WARN_ABOUT_MISSING_PROTOTYPES = YES;
				GCC_WARN_ABOUT_RETURN_TYPE = YES;
				HEADER_SEARCH_PATHS = (
					"$(inherited)",
					"$(MonkeyDevPath)/include",
					"$(MonkeyDevTheosPath)/vendor/include/**",
				);
				INSTALL_PATH = "@executable_path/Frameworks/libCloud_HomeDylib.dylib";
				LD_RUNPATH_SEARCH_PATHS = (
					"$(inherited)",
					"@executable_path/Frameworks",
				);
				LIBRARY_SEARCH_PATHS = (
					"$(inherited)",
					"$(MonkeyDevPath)/Frameworks",
					"$(MonkeyDevTheosPath)/vendor/lib/**",
				);
				MonkeyDevPath = /opt/MonkeyDev;
				MonkeyDevTheosPath = /opt/theos;
				OTHER_CFLAGS = (
					"$(inherited)",
					"-DTHEOS_INSTANCE_NAME=\"\\\"Cloud_HomeDylib\\\"\"",
				);
				OTHER_LDFLAGS = (
					"$(inherited)",
					"-weak_library",
					"/usr/lib/libc++.dylib",
					"-weak_library",
					"/usr/lib/libstdc++.dylib",
					"-weak_library",
					"$(MonkeyDevPath)/Frameworks/libsubstrate.dylib",
					"-framework",
					Cycript,
					"-framework",
					RevealServer,
				);
				PRODUCT_NAME = "$(TARGET_NAME)";
				TARGETED_DEVICE_FAMILY = "1,2";
				VALIDATE_PRODUCT = NO;
			};
			name = Debug;
		};
		78D9190C207A5424006A4DC5 /* Release */ = {
			isa = XCBuildConfiguration;
			buildSettings = {
				CODE_SIGN_STYLE = Automatic;
				COPY_PHASE_STRIP = YES;
				DEVELOPMENT_TEAM = DJ6J6WLK86;
				DYLIB_COMPATIBILITY_VERSION = 1;
				DYLIB_CURRENT_VERSION = 1;
				ENABLE_BITCODE = NO;
				EXCLUDED_RECURSIVE_SEARCH_PATH_SUBDIRECTORIES = "*.nib *.lproj *.gch (*) .DS_Store CVS .svn .git .hg *.xcodeproj *.xcode *.pbproj *.pbxproj";
				EXECUTABLE_PREFIX = lib;
				FRAMEWORK_SEARCH_PATHS = (
					"$(inherited)",
					"$(MonkeyDevPath)/Frameworks/**",
					"$(MonkeyDevPath)/Librarys/**",
					"$(MonkeyDevTheosPath)/vendor/lib",
				);
				GCC_C_LANGUAGE_STANDARD = gnu99;
				GCC_PRECOMPILE_PREFIX_HEADER = YES;
				GCC_PREFIX_HEADER = "Cloud_HomeDylib/Cloud_HomeDylib-Prefix.pch";
				GCC_WARN_ABOUT_MISSING_PROTOTYPES = YES;
				GCC_WARN_ABOUT_RETURN_TYPE = YES;
				HEADER_SEARCH_PATHS = (
					"$(inherited)",
					"$(MonkeyDevPath)/include",
					"$(MonkeyDevTheosPath)/vendor/include/**",
				);
				INSTALL_PATH = "@executable_path/Frameworks/libCloud_HomeDylib.dylib";
				LD_RUNPATH_SEARCH_PATHS = (
					"$(inherited)",
					"@executable_path/Frameworks",
				);
				LIBRARY_SEARCH_PATHS = (
					"$(inherited)",
					"$(MonkeyDevPath)/Frameworks",
					"$(MonkeyDevTheosPath)/vendor/lib/**",
				);
				MonkeyDevPath = /opt/MonkeyDev;
				MonkeyDevTheosPath = /opt/theos;
				OTHER_CFLAGS = (
					"$(inherited)",
					"-DTHEOS_INSTANCE_NAME=\"\\\"Cloud_HomeDylib\\\"\"",
				);
				OTHER_LDFLAGS = (
					"$(inherited)",
					"-weak_library",
					"/usr/lib/libc++.dylib",
					"-weak_library",
					"/usr/lib/libstdc++.dylib",
					"-weak_library",
					"$(MonkeyDevPath)/Frameworks/libsubstrate.dylib",
				);
				PRODUCT_NAME = "$(TARGET_NAME)";
				TARGETED_DEVICE_FAMILY = "1,2";
			};
			name = Release;
		};
		78D9190E207A5424006A4DC5 /* Debug */ = {
			isa = XCBuildConfiguration;
			buildSettings = {
				CODE_SIGN_STYLE = Automatic;
				DEVELOPMENT_TEAM = DJ6J6WLK86;
				ENABLE_BITCODE = NO;
				INFOPLIST_FILE = Cloud_Home/Info.plist;
				MONKEYDEV_ADD_SUBSTRATE = YES;
				MONKEYDEV_CLASS_DUMP = YES;
				MONKEYDEV_INSERT_DYLIB = YES;
				MONKEYDEV_RESTORE_SYMBOL = YES;
				MONKEYDEV_TARGET_APP = Optional;
				PODS_CONFIGURATION_BUILD_DIR = "$BUILD_DIR/$(CONFIGURATION)$(EFFECTIVE_PLATFORM_NAME)";
				PODS_ROOT = "${SRCROOT}/Pods";
				PRODUCT_BUNDLE_IDENTIFIER = wdproject.CloudHome;
				PRODUCT_NAME = "$(TARGET_NAME)";
				TARGETED_DEVICE_FAMILY = "1,2";
			};
			name = Debug;
		};
		78D9190F207A5424006A4DC5 /* Release */ = {
			isa = XCBuildConfiguration;
			buildSettings = {
				CODE_SIGN_STYLE = Automatic;
				DEVELOPMENT_TEAM = DJ6J6WLK86;
				ENABLE_BITCODE = NO;
				INFOPLIST_FILE = Cloud_Home/Info.plist;
				MONKEYDEV_ADD_SUBSTRATE = YES;
				MONKEYDEV_CLASS_DUMP = YES;
				MONKEYDEV_INSERT_DYLIB = YES;
				MONKEYDEV_RESTORE_SYMBOL = YES;
				MONKEYDEV_TARGET_APP = Optional;
				PODS_CONFIGURATION_BUILD_DIR = "$BUILD_DIR/$(CONFIGURATION)$(EFFECTIVE_PLATFORM_NAME)";
				PODS_ROOT = "${SRCROOT}/Pods";
				PRODUCT_BUNDLE_IDENTIFIER = wdproject.CloudHome;
				PRODUCT_NAME = "$(TARGET_NAME)";
				TARGETED_DEVICE_FAMILY = "1,2";
			};
			name = Release;
		};
/* End XCBuildConfiguration section */

/* Begin XCConfigurationList section */
		78D918C2207A5424006A4DC5 /* Build configuration list for PBXProject "Cloud_Home" */ = {
			isa = XCConfigurationList;
			buildConfigurations = (
				78D91908207A5424006A4DC5 /* Debug */,
				78D91909207A5424006A4DC5 /* Release */,
			);
			defaultConfigurationIsVisible = 0;
			defaultConfigurationName = Release;
		};
		78D9190A207A5424006A4DC5 /* Build configuration list for PBXNativeTarget "Cloud_HomeDylib" */ = {
			isa = XCConfigurationList;
			buildConfigurations = (
				78D9190B207A5424006A4DC5 /* Debug */,
				78D9190C207A5424006A4DC5 /* Release */,
			);
			defaultConfigurationIsVisible = 0;
			defaultConfigurationName = Release;
		};
		78D9190D207A5424006A4DC5 /* Build configuration list for PBXNativeTarget "Cloud_Home" */ = {
			isa = XCConfigurationList;
			buildConfigurations = (
				78D9190E207A5424006A4DC5 /* Debug */,
				78D9190F207A5424006A4DC5 /* Release */,
			);
			defaultConfigurationIsVisible = 0;
			defaultConfigurationName = Release;
		};
/* End XCConfigurationList section */
	};
	rootObject = 78D918BF207A5424006A4DC5 /* Project object */;
}
